PODS:
  - Alamofire (5.4.3)
  - GoogleMaps (5.1.0):
    - GoogleMaps/Maps (= 5.1.0)
  - GoogleMaps/Base (5.1.0)
  - GoogleMaps/Maps (5.1.0):
    - GoogleMaps/Base
  - GooglePlaces (5.0.0)
  - IQKeyboardManager (6.5.6)
  - Wormholy (1.6.5)

DEPENDENCIES:
  - Alamofire
  - GoogleMaps
  - GooglePlaces
  - IQKeyboardManager
  - Wormholy

SPEC REPOS:
  trunk:
    - Alamofire
    - GoogleMaps
    - GooglePlaces
    - IQKeyboardManager
    - Wormholy

SPEC CHECKSUMS:
  Alamofire: e447a2774a40c996748296fa2c55112fdbbc42f9
  GoogleMaps: 086ae1dab659eaa7339bdb30fc88e2f44e7c597c
  GooglePlaces: 5d87ca13ed98b7a937e0d8bc7026f718c7263271
  IQKeyboardManager: 2a6e97afdafc7becf0cb17a9a8d795e3a980717f
  Wormholy: 3252bc3e55a1847ef9a0976c1377bd77bf3635fa

PODFILE CHECKSUM: c1b70b7f9d2e066744510219d2d5e02aaaf62b07

COCOAPODS: 1.11.2
